
Microsoft Visual Studio Solution File, Format Version 12.00
# Visual Studio 14
VisualStudioVersion = 14.0.25420.1
MinimumVisualStudioVersion = 10.0.40219.1
Project("{FAE04EC0-301F-11D3-BF4B-00C04F79EFBC}") = "ServerPOC", "ServerPOC\ServerPOC.csproj", "{6BE5CB89-E5BF-47FA-8457-A2FBEF100DE0}"
EndProject
Project("{FAE04EC0-301F-11D3-BF4B-00C04F79EFBC}") = "Client", "Client\Client.csproj", "{D7C9546E-6C67-414D-BFD4-7A27DD3A70EE}"
EndProject
Global
	GlobalSection(SolutionConfigurationPlatforms) = preSolution
		Debug|Any CPU = Debug|Any CPU
		Release|Any CPU = Release|Any CPU
	EndGlobalSection
	GlobalSection(ProjectConfigurationPlatforms) = postSolution
		{6BE5CB89-E5BF-47FA-8457-A2FBEF100DE0}.Debug|Any CPU.ActiveCfg = Debug|Any CPU
		{6BE5CB89-E5BF-47FA-8457-A2FBEF100DE0}.Debug|Any CPU.Build.0 = Debug|Any CPU
		{6BE5CB89-E5BF-47FA-8457-A2FBEF100DE0}.Release|Any CPU.ActiveCfg = Release|Any CPU
		{6BE5CB89-E5BF-47FA-8457-A2FBEF100DE0}.Release|Any CPU.Build.0 = Release|Any CPU
		{D7C9546E-6C67-414D-BFD4-7A27DD3A70EE}.Debug|Any CPU.ActiveCfg = Debug|Any CPU
		{D7C9546E-6C67-414D-BFD4-7A27DD3A70EE}.Debug|Any CPU.Build.0 = Debug|Any CPU
		{D7C9546E-6C67-414D-BFD4-7A27DD3A70EE}.Release|Any CPU.ActiveCfg = Release|Any CPU
		{D7C9546E-6C67-414D-BFD4-7A27DD3A70EE}.Release|Any CPU.Build.0 = Release|Any CPU
	EndGlobalSection
	GlobalSection(SolutionProperties) = preSolution
		HideSolutionNode = FALSE
	EndGlobalSection
EndGlobal
